// !$*UTF8*$!
{
	archiveVersion = 1;
	classes = {
	};
	objectVersion = 46;
	objects = {

/* Begin PBXBuildFile section */
		0EEB96FF1C9BB80600BDF4FA /* AppDelegate.swift in Sources */ = {isa = PBXBuildFile; fileRef = 0EEB96FE1C9BB80600BDF4FA /* AppDelegate.swift */; };
		0EEB97011C9BB80600BDF4FA /* ViewController.swift in Sources */ = {isa = PBXBuildFile; fileRef = 0EEB97001C9BB80600BDF4FA /* ViewController.swift */; };
		0EEB97041C9BB80600BDF4FA /* Main.storyboard in Resources */ = {isa = PBXBuildFile; fileRef = 0EEB97021C9BB80600BDF4FA /* Main.storyboard */; };
		0EEB97061C9BB80600BDF4FA /* Assets.xcassets in Resources */ = {isa = PBXBuildFile; fileRef = 0EEB97051C9BB80600BDF4FA /* Assets.xcassets */; };
		0EEB97091C9BB80600BDF4FA /* LaunchScreen.storyboard in Resources */ = {isa = PBXBuildFile; fileRef = 0EEB97071C9BB80600BDF4FA /* LaunchScreen.storyboard */; };
		0EEB97141C9BB80600BDF4FA /* PracticeSession3Tests.swift in Sources */ = {isa = PBXBuildFile; fileRef = 0EEB97131C9BB80600BDF4FA /* PracticeSession3Tests.swift */; };
		0EEB971F1C9BB80600BDF4FA /* PracticeSession3UITests.swift in Sources */ = {isa = PBXBuildFile; fileRef = 0EEB971E1C9BB80600BDF4FA /* PracticeSession3UITests.swift */; };
		0EEB972D1C9BBE0D00BDF4FA /* PasswordViewController.swift in Sources */ = {isa = PBXBuildFile; fileRef = 0EEB972C1C9BBE0D00BDF4FA /* PasswordViewController.swift */; };
		0EEB972F1C9BD1F300BDF4FA /* GameViewController.swift in Sources */ = {isa = PBXBuildFile; fileRef = 0EEB972E1C9BD1F300BDF4FA /* GameViewController.swift */; };
/* End PBXBuildFile section */

/* Begin PBXContainerItemProxy section */
		0EEB97101C9BB80600BDF4FA /* PBXContainerItemProxy */ = {
			isa = PBXContainerItemProxy;
			containerPortal = 0EEB96F31C9BB80600BDF4FA /* Project object */;
			proxyType = 1;
			remoteGlobalIDString = 0EEB96FA1C9BB80600BDF4FA;
			remoteInfo = PracticeSession3;
		};
		0EEB971B1C9BB80600BDF4FA /* PBXContainerItemProxy */ = {
			isa = PBXContainerItemProxy;
			containerPortal = 0EEB96F31C9BB80600BDF4FA /* Project object */;
			proxyType = 1;
			remoteGlobalIDString = 0EEB96FA1C9BB80600BDF4FA;
			remoteInfo = PracticeSession3;
		};
/* End PBXContainerItemProxy section */

/* Begin PBXFileReference section */
		0EEB96FB1C9BB80600BDF4FA /* PracticeSession3.app */ = {isa = PBXFileReference; explicitFileType = wrapper.application; includeInIndex = 0; path = PracticeSession3.app; sourceTree = BUILT_PRODUCTS_DIR; };
		0EEB96FE1C9BB80600BDF4FA /* AppDelegate.swift */ = {isa = PBXFileReference; lastKnownFileType = sourcecode.swift; path = AppDelegate.swift; sourceTree = "<group>"; };
		0EEB97001C9BB80600BDF4FA /* ViewController.swift */ = {isa = PBXFileReference; lastKnownFileType = sourcecode.swift; path = ViewController.swift; sourceTree = "<group>"; };
		0EEB97031C9BB80600BDF4FA /* Base */ = {isa = PBXFileReference; lastKnownFileType = file.storyboard; name = Base; path = Base.lproj/Main.storyboard; sourceTree = "<group>"; };
		0EEB97051C9BB80600BDF4FA /* Assets.xcassets */ = {isa = PBXFileReference; lastKnownFileType = folder.assetcatalog; path = Assets.xcassets; sourceTree = "<group>"; };
		0EEB97081C9BB80600BDF4FA /* Base */ = {isa = PBXFileReference; lastKnownFileType = file.storyboard; name = Base; path = Base.lproj/LaunchScreen.storyboard; sourceTree = "<group>"; };
		0EEB970A1C9BB80600BDF4FA /* Info.plist */ = {isa = PBXFileReference; lastKnownFileType = text.plist.xml; path = Info.plist; sourceTree = "<group>"; };
		0EEB970F1C9BB80600BDF4FA /* PracticeSession3Tests.xctest */ = {isa = PBXFileReference; explicitFileType = wrapper.cfbundle; includeInIndex = 0; path = PracticeSession3Tests.xctest; sourceTree = BUILT_PRODUCTS_DIR; };
		0EEB97131C9BB80600BDF4FA /* PracticeSession3Tests.swift */ = {isa = PBXFileReference; lastKnownFileType = sourcecode.swift; path = PracticeSession3Tests.swift; sourceTree = "<group>"; };
		0EEB97151C9BB80600BDF4FA /* Info.plist */ = {isa = PBXFileReference; lastKnownFileType = text.plist.xml; path = Info.plist; sourceTree = "<group>"; };
		0EEB971A1C9BB80600BDF4FA /* PracticeSession3UITests.xctest */ = {isa = PBXFileReference; explicitFileType = wrapper.cfbundle; includeInIndex = 0; path = PracticeSession3UITests.xctest; sourceTree = BUILT_PRODUCTS_DIR; };
		0EEB971E1C9BB80600BDF4FA /* PracticeSession3UITests.swift */ = {isa = PBXFileReference; lastKnownFileType = sourcecode.swift; path = PracticeSession3UITests.swift; sourceTree = "<group>"; };
		0EEB97201C9BB80600BDF4FA /* Info.plist */ = {isa = PBXFileReference; lastKnownFileType = text.plist.xml; path = Info.plist; sourceTree = "<group>"; };
		0EEB972C1C9BBE0D00BDF4FA /* PasswordViewController.swift */ = {isa = PBXFileReference; fileEncoding = 4; lastKnownFileType = sourcecode.swift; path = PasswordViewController.swift; sourceTree = "<group>"; };
		0EEB972E1C9BD1F300BDF4FA /* GameViewController.swift */ = {isa = PBXFileReference; fileEncoding = 4; lastKnownFileType = sourcecode.swift; name = GameViewController.swift; path = ../GameViewController.swift; sourceTree = "<group>"; };
/* End PBXFileReference section */

/* Begin PBXFrameworksBuildPhase section */
		0EEB96F81C9BB80600BDF4FA /* Frameworks */ = {
			isa = PBXFrameworksBuildPhase;
			buildActionMask = 2147483647;
			files = (
			);
			runOnlyForDeploymentPostprocessing = 0;
		};
		0EEB970C1C9BB80600BDF4FA /* Frameworks */ = {
			isa = PBXFrameworksBuildPhase;
			buildActionMask = 2147483647;
			files = (
			);
			runOnlyForDeploymentPostprocessing = 0;
		};
		0EEB97171C9BB80600BDF4FA /* Frameworks */ = {
			isa = PBXFrameworksBuildPhase;
			buildActionMask = 2147483647;
			files = (
			);
			runOnlyForDeploymentPostprocessing = 0;
		};
/* End PBXFrameworksBuildPhase section */

/* Begin PBXGroup section */
		0EEB96F21C9BB80600BDF4FA = {
			isa = PBXGroup;
			children = (
				0EEB96FD1C9BB80600BDF4FA /* PracticeSession3 */,
				0EEB97121C9BB80600BDF4FA /* PracticeSession3Tests */,
				0EEB971D1C9BB80600BDF4FA /* PracticeSession3UITests */,
				0EEB96FC1C9BB80600BDF4FA /* Products */,
			);
			sourceTree = "<group>";
		};
		0EEB96FC1C9BB80600BDF4FA /* Products */ = {
			isa = PBXGroup;
			children = (
				0EEB96FB1C9BB80600BDF4FA /* PracticeSession3.app */,
				0EEB970F1C9BB80600BDF4FA /* PracticeSession3Tests.xctest */,
				0EEB971A1C9BB80600BDF4FA /* PracticeSession3UITests.xctest */,
			);
			name = Products;
			sourceTree = "<group>";
		};
		0EEB96FD1C9BB80600BDF4FA /* PracticeSession3 */ = {
			isa = PBXGroup;
			children = (
				0EEB972E1C9BD1F300BDF4FA /* GameViewController.swift */,
				0EEB96FE1C9BB80600BDF4FA /* AppDelegate.swift */,
				0EEB97001C9BB80600BDF4FA /* ViewController.swift */,
				0EEB97021C9BB80600BDF4FA /* Main.storyboard */,
				0EEB972C1C9BBE0D00BDF4FA /* PasswordViewController.swift */,
				0EEB97051C9BB80600BDF4FA /* Assets.xcassets */,
				0EEB97071C9BB80600BDF4FA /* LaunchScreen.storyboard */,
				0EEB970A1C9BB80600BDF4FA /* Info.plist */,
			);
			path = PracticeSession3;
			sourceTree = "<group>";
		};
		0EEB97121C9BB80600BDF4FA /* PracticeSession3Tests */ = {
			isa = PBXGroup;
			children = (
				0EEB97131C9BB80600BDF4FA /* PracticeSession3Tests.swift */,
				0EEB97151C9BB80600BDF4FA /* Info.plist */,
			);
			path = PracticeSession3Tests;
			sourceTree = "<group>";
		};
		0EEB971D1C9BB80600BDF4FA /* PracticeSession3UITests */ = {
			isa = PBXGroup;
			children = (
				0EEB971E1C9BB80600BDF4FA /* PracticeSession3UITests.swift */,
				0EEB97201C9BB80600BDF4FA /* Info.plist */,
			);
			path = PracticeSession3UITests;
			sourceTree = "<group>";
		};
/* End PBXGroup section */

/* Begin PBXNativeTarget section */
		0EEB96FA1C9BB80600BDF4FA /* PracticeSession3 */ = {
			isa = PBXNativeTarget;
			buildConfigurationList = 0EEB97231C9BB80600BDF4FA /* Build configuration list for PBXNativeTarget "PracticeSession3" */;
			buildPhases = (
				0EEB96F71C9BB80600BDF4FA /* Sources */,
				0EEB96F81C9BB80600BDF4FA /* Frameworks */,
				0EEB96F91C9BB80600BDF4FA /* Resources */,
			);
			buildRules = (
			);
			dependencies = (
			);
			name = PracticeSession3;
			productName = PracticeSession3;
			productReference = 0EEB96FB1C9BB80600BDF4FA /* PracticeSession3.app */;
			productType = "com.apple.product-type.application";
		};
		0EEB970E1C9BB80600BDF4FA /* PracticeSession3Tests */ = {
			isa = PBXNativeTarget;
			buildConfigurationList = 0EEB97261C9BB80600BDF4FA /* Build configuration list for PBXNativeTarget "PracticeSession3Tests" */;
			buildPhases = (
				0EEB970B1C9BB80600BDF4FA /* Sources */,
				0EEB970C1C9BB80600BDF4FA /* Frameworks */,
				0EEB970D1C9BB80600BDF4FA /* Resources */,
			);
			buildRules = (
			);
			dependencies = (
				0EEB97111C9BB80600BDF4FA /* PBXTargetDependency */,
			);
			name = PracticeSession3Tests;
			productName = PracticeSession3Tests;
			productReference = 0EEB970F1C9BB80600BDF4FA /* PracticeSession3Tests.xctest */;
			productType = "com.apple.product-type.bundle.unit-test";
		};
		0EEB97191C9BB80600BDF4FA /* PracticeSession3UITests */ = {
			isa = PBXNativeTarget;
			buildConfigurationList = 0EEB97291C9BB80600BDF4FA /* Build configuration list for PBXNativeTarget "PracticeSession3UITests" */;
			buildPhases = (
				0EEB97161C9BB80600BDF4FA /* Sources */,
				0EEB97171C9BB80600BDF4FA /* Frameworks */,
				0EEB97181C9BB80600BDF4FA /* Resources */,
			);
			buildRules = (
			);
			dependencies = (
				0EEB971C1C9BB80600BDF4FA /* PBXTargetDependency */,
			);
			name = PracticeSession3UITests;
			productName = PracticeSession3UITests;
			productReference = 0EEB971A1C9BB80600BDF4FA /* PracticeSession3UITests.xctest */;
			productType = "com.apple.product-type.bundle.ui-testing";
		};
/* End PBXNativeTarget section */

/* Begin PBXProject section */
		0EEB96F31C9BB80600BDF4FA /* Project object */ = {
			isa = PBXProject;
			attributes = {
				LastSwiftUpdateCheck = 0720;
				LastUpgradeCheck = 0720;
				ORGANIZATIONNAME = "Kanika Goela";
				TargetAttributes = {
					0EEB96FA1C9BB80600BDF4FA = {
						CreatedOnToolsVersion = 7.2.1;
					};
					0EEB970E1C9BB80600BDF4FA = {
						CreatedOnToolsVersion = 7.2.1;
						TestTargetID = 0EEB96FA1C9BB80600BDF4FA;
					};
					0EEB97191C9BB80600BDF4FA = {
						CreatedOnToolsVersion = 7.2.1;
						TestTargetID = 0EEB96FA1C9BB80600BDF4FA;
					};
				};
			};
			buildConfigurationList = 0EEB96F61C9BB80600BDF4FA /* Build configuration list for PBXProject "PracticeSession3" */;
			compatibilityVersion = "Xcode 3.2";
			developmentRegion = English;
			hasScannedForEncodings = 0;
			knownRegions = (
				en,
				Base,
			);
			mainGroup = 0EEB96F21C9BB80600BDF4FA;
			productRefGroup = 0EEB96FC1C9BB80600BDF4FA /* Products */;
			projectDirPath = "";
			projectRoot = "";
			targets = (
				0EEB96FA1C9BB80600BDF4FA /* PracticeSession3 */,
				0EEB970E1C9BB80600BDF4FA /* PracticeSession3Tests */,
				0EEB97191C9BB80600BDF4FA /* PracticeSession3UITests */,
			);
		};
/* End PBXProject section */

/* Begin PBXResourcesBuildPhase section */
		0EEB96F91C9BB80600BDF4FA /* Resources */ = {
			isa = PBXResourcesBuildPhase;
			buildActionMask = 2147483647;
			files = (
				0EEB97091C9BB80600BDF4FA /* LaunchScreen.storyboard in Resources */,
				0EEB97061C9BB80600BDF4FA /* Assets.xcassets in Resources */,
				0EEB97041C9BB80600BDF4FA /* Main.storyboard in Resources */,
			);
			runOnlyForDeploymentPostprocessing = 0;
		};
		0EEB970D1C9BB80600BDF4FA /* Resources */ = {
			isa = PBXResourcesBuildPhase;
			buildActionMask = 2147483647;
			files = (
			);
			runOnlyForDeploymentPostprocessing = 0;
		};
		0EEB97181C9BB80600BDF4FA /* Resources */ = {
			isa = PBXResourcesBuildPhase;
			buildActionMask = 2147483647;
			files = (
			);
			runOnlyForDeploymentPostprocessing = 0;
		};
/* End PBXResourcesBuildPhase section */

/* Begin PBXSourcesBuildPhase section */
		0EEB96F71C9BB80600BDF4FA /* Sources */ = {
			isa = PBXSourcesBuildPhase;
			buildActionMask = 2147483647;
			files = (
				0EEB972F1C9BD1F300BDF4FA /* GameViewController.swift in Sources */,
				0EEB97011C9BB80600BDF4FA /* ViewController.swift in Sources */,
				0EEB96FF1C9BB80600BDF4FA /* AppDelegate.swift in Sources */,
				0EEB972D1C9BBE0D00BDF4FA /* PasswordViewController.swift in Sources */,
			);
			runOnlyForDeploymentPostprocessing = 0;
		};
		0EEB970B1C9BB80600BDF4FA /* Sources */ = {
			isa = PBXSourcesBuildPhase;
			buildActionMask = 2147483647;
			files = (
				0EEB97141C9BB80600BDF4FA /* PracticeSession3Tests.swift in Sources */,
			);
			runOnlyForDeploymentPostprocessing = 0;
		};
		0EEB97161C9BB80600BDF4FA /* Sources */ = {
			isa = PBXSourcesBuildPhase;
			buildActionMask = 2147483647;
			files = (
				0EEB971F1C9BB80600BDF4FA /* PracticeSession3UITests.swift in Sources */,
			);
			runOnlyForDeploymentPostprocessing = 0;
		};
/* End PBXSourcesBuildPhase section */

/* Begin PBXTargetDependency section */
		0EEB97111C9BB80600BDF4FA /* PBXTargetDependency */ = {
			isa = PBXTargetDependency;
			target = 0EEB96FA1C9BB80600BDF4FA /* PracticeSession3 */;
			targetProxy = 0EEB97101C9BB80600BDF4FA /* PBXContainerItemProxy */;
		};
		0EEB971C1C9BB80600BDF4FA /* PBXTargetDependency */ = {
			isa = PBXTargetDependency;
			target = 0EEB96FA1C9BB80600BDF4FA /* PracticeSession3 */;
			targetProxy = 0EEB971B1C9BB80600BDF4FA /* PBXContainerItemProxy */;
		};
/* End PBXTargetDependency section */

/* Begin PBXVariantGroup section */
		0EEB97021C9BB80600BDF4FA /* Main.storyboard */ = {
			isa = PBXVariantGroup;
			children = (
				0EEB97031C9BB80600BDF4FA /* Base */,
			);
			name = Main.storyboard;
			sourceTree = "<group>";
		};
		0EEB97071C9BB80600BDF4FA /* LaunchScreen.storyboard */ = {
			isa = PBXVariantGroup;
			children = (
				0EEB97081C9BB80600BDF4FA /* Base */,
			);
			name = LaunchScreen.storyboard;
			sourceTree = "<group>";
		};
/* End PBXVariantGroup section */

/* Begin XCBuildConfiguration section */
		0EEB97211C9BB80600BDF4FA /* Debug */ = {
			isa = XCBuildConfiguration;
			buildSettings = {
				ALWAYS_SEARCH_USER_PATHS = NO;
				CLANG_CXX_LANGUAGE_STANDARD = "gnu++0x";
				CLANG_CXX_LIBRARY = "libc++";
				CLANG_ENABLE_MODULES = YES;
				CLANG_ENABLE_OBJC_ARC = YES;
				CLANG_WARN_BOOL_CONVERSION = YES;
				CLANG_WARN_CONSTANT_CONVERSION = YES;
				CLANG_WARN_DIRECT_OBJC_ISA_USAGE = YES_ERROR;
				CLANG_WARN_EMPTY_BODY = YES;
				CLANG_WARN_ENUM_CONVERSION = YES;
				CLANG_WARN_INT_CONVERSION = YES;
				CLANG_WARN_OBJC_ROOT_CLASS = YES_ERROR;
				CLANG_WARN_UNREACHABLE_CODE = YES;
				CLANG_WARN__DUPLICATE_METHOD_MATCH = YES;
				"CODE_SIGN_IDENTITY[sdk=iphoneos*]" = "iPhone Developer";
				COPY_PHASE_STRIP = NO;
				DEBUG_INFORMATION_FORMAT = dwarf;
				ENABLE_STRICT_OBJC_MSGSEND = YES;
				ENABLE_TESTABILITY = YES;
				GCC_C_LANGUAGE_STANDARD = gnu99;
				GCC_DYNAMIC_NO_PIC = NO;
				GCC_NO_COMMON_BLOCKS = YES;
				GCC_OPTIMIZATION_LEVEL = 0;
				GCC_PREPROCESSOR_DEFINITIONS = (
					"DEBUG=1",
					"$(inherited)",
				);
				GCC_WARN_64_TO_32_BIT_CONVERSION = YES;
				GCC_WARN_ABOUT_RETURN_TYPE = YES_ERROR;
				GCC_WARN_UNDECLARED_SELECTOR = YES;
				GCC_WARN_UNINITIALIZED_AUTOS = YES_AGGRESSIVE;
				GCC_WARN_UNUSED_FUNCTION = YES;
				GCC_WARN_UNUSED_VARIABLE = YES;
				IPHONEOS_DEPLOYMENT_TARGET = 9.2;
				MTL_ENABLE_DEBUG_INFO = YES;
				ONLY_ACTIVE_ARCH = YES;
				SDKROOT = iphoneos;
				SWIFT_OPTIMIZATION_LEVEL = "-Onone";
				TARGETED_DEVICE_FAMILY = "1,2";
			};
			name = Debug;
		};
		0EEB97221C9BB80600BDF4FA /* Release */ = {
			isa = XCBuildConfiguration;
			buildSettings = {
				ALWAYS_SEARCH_USER_PATHS = NO;
				CLANG_CXX_LANGUAGE_STANDARD = "gnu++0x";
				CLANG_CXX_LIBRARY = "libc++";
				CLANG_ENABLE_MODULES = YES;
				CLANG_ENABLE_OBJC_ARC = YES;
				CLANG_WARN_BOOL_CONVERSION = YES;
				CLANG_WARN_CONSTANT_CONVERSION = YES;
				CLANG_WARN_DIRECT_OBJC_ISA_USAGE = YES_ERROR;
				CLANG_WARN_EMPTY_BODY = YES;
				CLANG_WARN_ENUM_CONVERSION = YES;
				CLANG_WARN_INT_CONVERSION = YES;
				CLANG_WARN_OBJC_ROOT_CLASS = YES_ERROR;
				CLANG_WARN_UNREACHABLE_CODE = YES;
				CLANG_WARN__DUPLICATE_METHOD_MATCH = YES;
				"CODE_SIGN_IDENTITY[sdk=iphoneos*]" = "iPhone Developer";
				COPY_PHASE_STRIP = NO;
				DEBUG_INFORMATION_FORMAT = "dwarf-with-dsym";
				ENABLE_NS_ASSERTIONS = NO;
				ENABLE_STRICT_OBJC_MSGSEND = YES;
				GCC_C_LANGUAGE_STANDARD = gnu99;
				GCC_NO_COMMON_BLOCKS = YES;
				GCC_WARN_64_TO_32_BIT_CONVERSION = YES;
				GCC_WARN_ABOUT_RETURN_TYPE = YES_ERROR;
				GCC_WARN_UNDECLARED_SELECTOR = YES;
				GCC_WARN_UNINITIALIZED_AUTOS = YES_AGGRESSIVE;
				GCC_WARN_UNUSED_FUNCTION = YES;
				GCC_WARN_UNUSED_VARIABLE = YES;
				IPHONEOS_DEPLOYMENT_TARGET = 9.2;
				MTL_ENABLE_DEBUG_INFO = NO;
				SDKROOT = iphoneos;
				TARGETED_DEVICE_FAMILY = "1,2";
				VALIDATE_PRODUCT = YES;
			};
			name = Release;
		};
		0EEB97241C9BB80600BDF4FA /* Debug */ = {
			isa = XCBuildConfiguration;
			buildSettings = {
				ASSETCATALOG_COMPILER_APPICON_NAME = AppIcon;
				INFOPLIST_FILE = PracticeSession3/Info.plist;
				LD_RUNPATH_SEARCH_PATHS = "$(inherited) @executable_path/Frameworks";
				PRODUCT_BUNDLE_IDENTIFIER = GA.PracticeSession3;
				PRODUCT_NAME = "$(TARGET_NAME)";
			};
			name = Debug;
		};
		0EEB97251C9BB80600BDF4FA /* Release */ = {
			isa = XCBuildConfiguration;
			buildSettings = {
				ASSETCATALOG_COMPILER_APPICON_NAME = AppIcon;
				INFOPLIST_FILE = PracticeSession3/Info.plist;
				LD_RUNPATH_SEARCH_PATHS = "$(inherited) @executable_path/Frameworks";
				PRODUCT_BUNDLE_IDENTIFIER = GA.PracticeSession3;
				PRODUCT_NAME = "$(TARGET_NAME)";
			};
			name = Release;
		};
		0EEB97271C9BB80600BDF4FA /* Debug */ = {
			isa = XCBuildConfiguration;
			buildSettings = {
				BUNDLE_LOADER = "$(TEST_HOST)";
				INFOPLIST_FILE = PracticeSession3Tests/Info.plist;
				LD_RUNPATH_SEARCH_PATHS = "$(inherited) @executable_path/Frameworks @loader_path/Frameworks";
				PRODUCT_BUNDLE_IDENTIFIER = GA.PracticeSession3Tests;
				PRODUCT_NAME = "$(TARGET_NAME)";
				TEST_HOST = "$(BUILT_PRODUCTS_DIR)/PracticeSession3.app/PracticeSession3";
			};
			name = Debug;
		};
		0EEB97281C9BB80600BDF4FA /* Release */ = {
			isa = XCBuildConfiguration;
			buildSettings = {
				BUNDLE_LOADER = "$(TEST_HOST)";
				INFOPLIST_FILE = PracticeSession3Tests/Info.plist;
				LD_RUNPATH_SEARCH_PATHS = "$(inherited) @executable_path/Frameworks @loader_path/Frameworks";
				PRODUCT_BUNDLE_IDENTIFIER = GA.PracticeSession3Tests;
				PRODUCT_NAME = "$(TARGET_NAME)";
				TEST_HOST = "$(BUILT_PRODUCTS_DIR)/PracticeSession3.app/PracticeSession3";
			};
			name = Release;
		};
		0EEB972A1C9BB80600BDF4FA /* Debug */ = {
			isa = XCBuildConfiguration;
			buildSettings = {
				INFOPLIST_FILE = PracticeSession3UITests/Info.plist;
				LD_RUNPATH_SEARCH_PATHS = "$(inherited) @executable_path/Frameworks @loader_path/Frameworks";
				PRODUCT_BUNDLE_IDENTIFIER = GA.PracticeSession3UITests;
				PRODUCT_NAME = "$(TARGET_NAME)";
				TEST_TARGET_NAME = PracticeSession3;
				USES_XCTRUNNER = YES;
			};
			name = Debug;
		};
		0EEB972B1C9BB80600BDF4FA /* Release */ = {
			isa = XCBuildConfiguration;
			buildSettings = {
				INFOPLIST_FILE = PracticeSession3UITests/Info.plist;
				LD_RUNPATH_SEARCH_PATHS = "$(inherited) @executable_path/Frameworks @loader_path/Frameworks";
				PRODUCT_BUNDLE_IDENTIFIER = GA.PracticeSession3UITests;
				PRODUCT_NAME = "$(TARGET_NAME)";
				TEST_TARGET_NAME = PracticeSession3;
				USES_XCTRUNNER = YES;
			};
			name = Release;
		};
/* End XCBuildConfiguration section */

/* Begin XCConfigurationList section */
		0EEB96F61C9BB80600BDF4FA /* Build configuration list for PBXProject "PracticeSession3" */ = {
			isa = XCConfigurationList;
			buildConfigurations = (
				0EEB97211C9BB80600BDF4FA /* Debug */,
				0EEB97221C9BB80600BDF4FA /* Release */,
			);
			defaultConfigurationIsVisible = 0;
			defaultConfigurationName = Release;
		};
		0EEB97231C9BB80600BDF4FA /* Build configuration list for PBXNativeTarget "PracticeSession3" */ = {
			isa = XCConfigurationList;
			buildConfigurations = (
				0EEB97241C9BB80600BDF4FA /* Debug */,
				0EEB97251C9BB80600BDF4FA /* Release */,
			);
			defaultConfigurationIsVisible = 0;
		};
		0EEB97261C9BB80600BDF4FA /* Build configuration list for PBXNativeTarget "PracticeSession3Tests" */ = {
			isa = XCConfigurationList;
			buildConfigurations = (
				0EEB97271C9BB80600BDF4FA /* Debug */,
				0EEB97281C9BB80600BDF4FA /* Release */,
			);
			defaultConfigurationIsVisible = 0;
		};
		0EEB97291C9BB80600BDF4FA /* Build configuration list for PBXNativeTarget "PracticeSession3UITests" */ = {
			isa = XCConfigurationList;
			buildConfigurations = (
				0EEB972A1C9BB80600BDF4FA /* Debug */,
				0EEB972B1C9BB80600BDF4FA /* Release */,
			);
			defaultConfigurationIsVisible = 0;
		};
/* End XCConfigurationList section */
	};
	rootObject = 0EEB96F31C9BB80600BDF4FA /* Project object */;
}
